
Microsoft Visual Studio Solution File, Format Version 12.00
# Visual Studio Version 17
VisualStudioVersion = 17.5.33516.290
MinimumVisualStudioVersion = 10.0.40219.1
Project("{FAE04EC0-301F-11D3-BF4B-00C04F79EFBC}") = "test", "test.csproj", "{9F017C40-ED1B-495A-A811-647962285C03}"
EndProject
Global
	GlobalSection(SolutionConfigurationPlatforms) = preSolution
		Debug|Any CPU = Debug|Any CPU
		Release|Any CPU = Release|Any CPU
	EndGlobalSection
	GlobalSection(ProjectConfigurationPlatforms) = postSolution
		{9F017C40-ED1B-495A-A811-647962285C03}.Debug|Any CPU.ActiveCfg = Debug|Any CPU
		{9F017C40-ED1B-495A-A811-647962285C03}.Debug|Any CPU.Build.0 = Debug|Any CPU
		{9F017C40-ED1B-495A-A811-647962285C03}.Release|Any CPU.ActiveCfg = Release|Any CPU
		{9F017C40-ED1B-495A-A811-647962285C03}.Release|Any CPU.Build.0 = Release|Any CPU
	EndGlobalSection
	GlobalSection(SolutionProperties) = preSolution
		HideSolutionNode = FALSE
	EndGlobalSection
	GlobalSection(ExtensibilityGlobals) = postSolution
		SolutionGuid = {ED9DE36C-4903-4DEC-AC22-9167C5C07E0C}
	EndGlobalSection
EndGlobal
